
Microsoft Visual Studio Solution File, Format Version 12.00
# Visual Studio Version 16
VisualStudioVersion = 16.0.31005.135
MinimumVisualStudioVersion = 10.0.40219.1
Project("{FAE04EC0-301F-11D3-BF4B-00C04F79EFBC}") = "HomeTag_Assignment", "HomeTag_Assignment\HomeTag_Assignment.csproj", "{C579E973-A60B-4725-84F5-AD595850EE17}"
EndProject
Global
	GlobalSection(SolutionConfigurationPlatforms) = preSolution
		Debug|Any CPU = Debug|Any CPU
		Release|Any CPU = Release|Any CPU
	EndGlobalSection
	GlobalSection(ProjectConfigurationPlatforms) = postSolution
		{C579E973-A60B-4725-84F5-AD595850EE17}.Debug|Any CPU.ActiveCfg = Debug|Any CPU
		{C579E973-A60B-4725-84F5-AD595850EE17}.Debug|Any CPU.Build.0 = Debug|Any CPU
		{C579E973-A60B-4725-84F5-AD595850EE17}.Release|Any CPU.ActiveCfg = Release|Any CPU
		{C579E973-A60B-4725-84F5-AD595850EE17}.Release|Any CPU.Build.0 = Release|Any CPU
	EndGlobalSection
	GlobalSection(SolutionProperties) = preSolution
		HideSolutionNode = FALSE
	EndGlobalSection
	GlobalSection(ExtensibilityGlobals) = postSolution
		SolutionGuid = {B1AADAAF-6606-43EC-9562-36A20556B225}
	EndGlobalSection
EndGlobal
