
Microsoft Visual Studio Solution File, Format Version 12.00
# Visual Studio Version 16
VisualStudioVersion = 16.0.31005.135
MinimumVisualStudioVersion = 10.0.40219.1
Project("{9A19103F-16F7-4668-BE54-9A1E7A4F7556}") = "HomeTag_Assignment", "HomeTag_Assignment\HomeTag_Assignment.csproj", "{C579E973-A60B-4725-84F5-AD595850EE17}"
EndProject
Project("{FAE04EC0-301F-11D3-BF4B-00C04F79EFBC}") = "UnitTest", "UnitTest\UnitTest.csproj", "{9A88EBD6-7C5A-4150-8C7A-07DBE5C69609}"
EndProject
Global
	GlobalSection(SolutionConfigurationPlatforms) = preSolution
		Debug|Any CPU = Debug|Any CPU
		Release|Any CPU = Release|Any CPU
	EndGlobalSection
	GlobalSection(ProjectConfigurationPlatforms) = postSolution
		{C579E973-A60B-4725-84F5-AD595850EE17}.Debug|Any CPU.ActiveCfg = Debug|Any CPU
		{C579E973-A60B-4725-84F5-AD595850EE17}.Debug|Any CPU.Build.0 = Debug|Any CPU
		{C579E973-A60B-4725-84F5-AD595850EE17}.Release|Any CPU.ActiveCfg = Release|Any CPU
		{C579E973-A60B-4725-84F5-AD595850EE17}.Release|Any CPU.Build.0 = Release|Any CPU
		{9A88EBD6-7C5A-4150-8C7A-07DBE5C69609}.Debug|Any CPU.ActiveCfg = Debug|Any CPU
		{9A88EBD6-7C5A-4150-8C7A-07DBE5C69609}.Debug|Any CPU.Build.0 = Debug|Any CPU
		{9A88EBD6-7C5A-4150-8C7A-07DBE5C69609}.Release|Any CPU.ActiveCfg = Release|Any CPU
		{9A88EBD6-7C5A-4150-8C7A-07DBE5C69609}.Release|Any CPU.Build.0 = Release|Any CPU
	EndGlobalSection
	GlobalSection(SolutionProperties) = preSolution
		HideSolutionNode = FALSE
	EndGlobalSection
	GlobalSection(ExtensibilityGlobals) = postSolution
		SolutionGuid = {B1AADAAF-6606-43EC-9562-36A20556B225}
	EndGlobalSection
EndGlobal
